// !$*UTF8*$!
{
	archiveVersion = 1;
	classes = {
	};
	objectVersion = 56;
	objects = {

/* Begin PBXBuildFile section */
		ED0073E429FA61B200AE53D3 /* DetailCallCell.swift in Sources */ = {isa = PBXBuildFile; fileRef = ED0073E329FA61B200AE53D3 /* DetailCallCell.swift */; };
		ED1B4A022A0B4CB400AE9D3B /* NewsDetailViewController.swift in Sources */ = {isa = PBXBuildFile; fileRef = ED1B4A012A0B4CB400AE9D3B /* NewsDetailViewController.swift */; };
		ED1B4A042A0B4CD200AE9D3B /* NewsDetailUIView.swift in Sources */ = {isa = PBXBuildFile; fileRef = ED1B4A032A0B4CD200AE9D3B /* NewsDetailUIView.swift */; };
		ED1F28ED2A077CEE00A50CAD /* NewsViewController.swift in Sources */ = {isa = PBXBuildFile; fileRef = ED1F28EC2A077CEE00A50CAD /* NewsViewController.swift */; };
		ED1F28F12A077E3C00A50CAD /* APICaller.swift in Sources */ = {isa = PBXBuildFile; fileRef = ED1F28F02A077E3C00A50CAD /* APICaller.swift */; };
		ED1F28F72A07C59B00A50CAD /* NewsTableViewCell.swift in Sources */ = {isa = PBXBuildFile; fileRef = ED1F28F62A07C59B00A50CAD /* NewsTableViewCell.swift */; };
		ED1F28FA2A07C5C200A50CAD /* NewsTableViewModel.swift in Sources */ = {isa = PBXBuildFile; fileRef = ED1F28F92A07C5C200A50CAD /* NewsTableViewModel.swift */; };
		ED28AE4B29F8D10B00210BAF /* DetailTableView.swift in Sources */ = {isa = PBXBuildFile; fileRef = ED28AE4A29F8D10B00210BAF /* DetailTableView.swift */; };
		ED28AE4D29F8D12300210BAF /* DetailUIView.swift in Sources */ = {isa = PBXBuildFile; fileRef = ED28AE4C29F8D12300210BAF /* DetailUIView.swift */; };
		ED28AE5029F8D1E700210BAF /* SnapKit in Frameworks */ = {isa = PBXBuildFile; productRef = ED28AE4F29F8D1E700210BAF /* SnapKit */; };
		ED28AE5229F8D25700210BAF /* DetailViewController.swift in Sources */ = {isa = PBXBuildFile; fileRef = ED28AE5129F8D25700210BAF /* DetailViewController.swift */; };
		ED3A548229E626E600B23CFD /* Nunito-Regular.ttf in Resources */ = {isa = PBXBuildFile; fileRef = ED3A548029E626E600B23CFD /* Nunito-Regular.ttf */; };
		ED3A548329E626E600B23CFD /* Nunito-Regular.ttf in Resources */ = {isa = PBXBuildFile; fileRef = ED3A548029E626E600B23CFD /* Nunito-Regular.ttf */; };
		ED3A548429E626E600B23CFD /* Nunito-Bold.ttf in Resources */ = {isa = PBXBuildFile; fileRef = ED3A548129E626E600B23CFD /* Nunito-Bold.ttf */; };
		ED3A548529E626E600B23CFD /* Nunito-Bold.ttf in Resources */ = {isa = PBXBuildFile; fileRef = ED3A548129E626E600B23CFD /* Nunito-Bold.ttf */; };
		ED41F68329FA15D4006A5AD5 /* DetailMapCell.swift in Sources */ = {isa = PBXBuildFile; fileRef = ED41F68229FA15D4006A5AD5 /* DetailMapCell.swift */; };
		ED41F68529FA1999006A5AD5 /* MapViewController.swift in Sources */ = {isa = PBXBuildFile; fileRef = ED41F68429FA1999006A5AD5 /* MapViewController.swift */; };
		ED4A8A3B29DEA94700CEE2E3 /* AppDelegate.swift in Sources */ = {isa = PBXBuildFile; fileRef = ED4A8A3A29DEA94700CEE2E3 /* AppDelegate.swift */; };
		ED4A8A3D29DEA94700CEE2E3 /* SceneDelegate.swift in Sources */ = {isa = PBXBuildFile; fileRef = ED4A8A3C29DEA94700CEE2E3 /* SceneDelegate.swift */; };
		ED4A8A4229DEA94700CEE2E3 /* Main.storyboard in Resources */ = {isa = PBXBuildFile; fileRef = ED4A8A4029DEA94700CEE2E3 /* Main.storyboard */; };
		ED4A8A4729DEA94800CEE2E3 /* Assets.xcassets in Resources */ = {isa = PBXBuildFile; fileRef = ED4A8A4629DEA94800CEE2E3 /* Assets.xcassets */; };
		ED4A8A4A29DEA94800CEE2E3 /* LaunchScreen.storyboard in Resources */ = {isa = PBXBuildFile; fileRef = ED4A8A4829DEA94800CEE2E3 /* LaunchScreen.storyboard */; };
		ED4A8A6E29DEACDE00CEE2E3 /* GoogleService-Info.plist in Resources */ = {isa = PBXBuildFile; fileRef = ED4A8A6D29DEACDE00CEE2E3 /* GoogleService-Info.plist */; };
		ED4A8A7129DEAE2C00CEE2E3 /* FirebaseAnalytics in Frameworks */ = {isa = PBXBuildFile; productRef = ED4A8A7029DEAE2C00CEE2E3 /* FirebaseAnalytics */; };
		ED4A8A7329DEAE2C00CEE2E3 /* FirebaseAnalyticsWithoutAdIdSupport in Frameworks */ = {isa = PBXBuildFile; productRef = ED4A8A7229DEAE2C00CEE2E3 /* FirebaseAnalyticsWithoutAdIdSupport */; };
		ED4A8A7529DEAE2C00CEE2E3 /* FirebaseAuth in Frameworks */ = {isa = PBXBuildFile; productRef = ED4A8A7429DEAE2C00CEE2E3 /* FirebaseAuth */; };
		ED4A8A7729DEAE2C00CEE2E3 /* FirebaseDatabase in Frameworks */ = {isa = PBXBuildFile; productRef = ED4A8A7629DEAE2C00CEE2E3 /* FirebaseDatabase */; };
		ED4A8A7929DEAE2C00CEE2E3 /* FirebaseFirestore in Frameworks */ = {isa = PBXBuildFile; productRef = ED4A8A7829DEAE2C00CEE2E3 /* FirebaseFirestore */; };
		ED4A8A7B29DEAE2C00CEE2E3 /* FirebaseStorage in Frameworks */ = {isa = PBXBuildFile; productRef = ED4A8A7A29DEAE2C00CEE2E3 /* FirebaseStorage */; };
		ED4A8A7F29DEBBAE00CEE2E3 /* MainTableViewController.swift in Sources */ = {isa = PBXBuildFile; fileRef = ED4A8A7E29DEBBAE00CEE2E3 /* MainTableViewController.swift */; };
		ED54092529E230A10099C97B /* Apartment.swift in Sources */ = {isa = PBXBuildFile; fileRef = ED54092429E230A10099C97B /* Apartment.swift */; };
		ED54092729E2397D0099C97B /* ApartmentDiffableDataSource.swift in Sources */ = {isa = PBXBuildFile; fileRef = ED54092629E2397D0099C97B /* ApartmentDiffableDataSource.swift */; };
		ED54D1682A0E28FA009BA0DF /* DatabaseManager.swift in Sources */ = {isa = PBXBuildFile; fileRef = ED54D1672A0E28FA009BA0DF /* DatabaseManager.swift */; };
		ED54D16A2A0E29CC009BA0DF /* Extensions.swift in Sources */ = {isa = PBXBuildFile; fileRef = ED54D1692A0E29CC009BA0DF /* Extensions.swift */; };
		ED54D16C2A0E2A79009BA0DF /* AuthManager.swift in Sources */ = {isa = PBXBuildFile; fileRef = ED54D16B2A0E2A79009BA0DF /* AuthManager.swift */; };
		ED54D16E2A0E2C51009BA0DF /* StorageManager.swift in Sources */ = {isa = PBXBuildFile; fileRef = ED54D16D2A0E2C51009BA0DF /* StorageManager.swift */; };
		ED54D1722A0E2D39009BA0DF /* LoginViewController.swift in Sources */ = {isa = PBXBuildFile; fileRef = ED54D1712A0E2D39009BA0DF /* LoginViewController.swift */; };
		ED54D1742A0E2D51009BA0DF /* RegisterViewController.swift in Sources */ = {isa = PBXBuildFile; fileRef = ED54D1732A0E2D51009BA0DF /* RegisterViewController.swift */; };
		ED54D17C2A0E3258009BA0DF /* ProfielViewController.swift in Sources */ = {isa = PBXBuildFile; fileRef = ED54D17B2A0E3258009BA0DF /* ProfielViewController.swift */; };
		ED6ACC5429DFD98F008F5002 /* MainTableViewCell.swift in Sources */ = {isa = PBXBuildFile; fileRef = ED6ACC5329DFD98F008F5002 /* MainTableViewCell.swift */; };
		ED6C69CE2A07F9DE00664289 /* NewsCollectionViewCell.swift in Sources */ = {isa = PBXBuildFile; fileRef = ED6C69CD2A07F9DE00664289 /* NewsCollectionViewCell.swift */; };
		ED862AF629F927B10092F02C /* DetailTableViewCell.swift in Sources */ = {isa = PBXBuildFile; fileRef = ED862AF529F927B10092F02C /* DetailTableViewCell.swift */; };
/* End PBXBuildFile section */

/* Begin PBXContainerItemProxy section */
		ED4A8A5129DEA94800CEE2E3 /* PBXContainerItemProxy */ = {
			isa = PBXContainerItemProxy;
			containerPortal = ED4A8A2F29DEA94700CEE2E3 /* Project object */;
			proxyType = 1;
			remoteGlobalIDString = ED4A8A3629DEA94700CEE2E3;
			remoteInfo = Homely;
		};
		ED4A8A5B29DEA94800CEE2E3 /* PBXContainerItemProxy */ = {
			isa = PBXContainerItemProxy;
			containerPortal = ED4A8A2F29DEA94700CEE2E3 /* Project object */;
			proxyType = 1;
			remoteGlobalIDString = ED4A8A3629DEA94700CEE2E3;
			remoteInfo = Homely;
		};
/* End PBXContainerItemProxy section */

/* Begin PBXFileReference section */
		ED0073E329FA61B200AE53D3 /* DetailCallCell.swift */ = {isa = PBXFileReference; lastKnownFileType = sourcecode.swift; path = DetailCallCell.swift; sourceTree = "<group>"; };
		ED1B4A012A0B4CB400AE9D3B /* NewsDetailViewController.swift */ = {isa = PBXFileReference; lastKnownFileType = sourcecode.swift; path = NewsDetailViewController.swift; sourceTree = "<group>"; };
		ED1B4A032A0B4CD200AE9D3B /* NewsDetailUIView.swift */ = {isa = PBXFileReference; lastKnownFileType = sourcecode.swift; path = NewsDetailUIView.swift; sourceTree = "<group>"; };
		ED1F28EC2A077CEE00A50CAD /* NewsViewController.swift */ = {isa = PBXFileReference; lastKnownFileType = sourcecode.swift; path = NewsViewController.swift; sourceTree = "<group>"; };
		ED1F28F02A077E3C00A50CAD /* APICaller.swift */ = {isa = PBXFileReference; lastKnownFileType = sourcecode.swift; path = APICaller.swift; sourceTree = "<group>"; };
		ED1F28F62A07C59B00A50CAD /* NewsTableViewCell.swift */ = {isa = PBXFileReference; lastKnownFileType = sourcecode.swift; path = NewsTableViewCell.swift; sourceTree = "<group>"; };
		ED1F28F92A07C5C200A50CAD /* NewsTableViewModel.swift */ = {isa = PBXFileReference; lastKnownFileType = sourcecode.swift; path = NewsTableViewModel.swift; sourceTree = "<group>"; };
		ED28AE4A29F8D10B00210BAF /* DetailTableView.swift */ = {isa = PBXFileReference; lastKnownFileType = sourcecode.swift; path = DetailTableView.swift; sourceTree = "<group>"; };
		ED28AE4C29F8D12300210BAF /* DetailUIView.swift */ = {isa = PBXFileReference; lastKnownFileType = sourcecode.swift; path = DetailUIView.swift; sourceTree = "<group>"; };
		ED28AE5129F8D25700210BAF /* DetailViewController.swift */ = {isa = PBXFileReference; lastKnownFileType = sourcecode.swift; path = DetailViewController.swift; sourceTree = "<group>"; };
		ED3A548029E626E600B23CFD /* Nunito-Regular.ttf */ = {isa = PBXFileReference; lastKnownFileType = file; path = "Nunito-Regular.ttf"; sourceTree = "<group>"; };
		ED3A548129E626E600B23CFD /* Nunito-Bold.ttf */ = {isa = PBXFileReference; lastKnownFileType = file; path = "Nunito-Bold.ttf"; sourceTree = "<group>"; };
		ED41F68229FA15D4006A5AD5 /* DetailMapCell.swift */ = {isa = PBXFileReference; lastKnownFileType = sourcecode.swift; path = DetailMapCell.swift; sourceTree = "<group>"; };
		ED41F68429FA1999006A5AD5 /* MapViewController.swift */ = {isa = PBXFileReference; lastKnownFileType = sourcecode.swift; path = MapViewController.swift; sourceTree = "<group>"; };
		ED4A8A3729DEA94700CEE2E3 /* Homely.app */ = {isa = PBXFileReference; explicitFileType = wrapper.application; includeInIndex = 0; path = Homely.app; sourceTree = BUILT_PRODUCTS_DIR; };
		ED4A8A3A29DEA94700CEE2E3 /* AppDelegate.swift */ = {isa = PBXFileReference; lastKnownFileType = sourcecode.swift; path = AppDelegate.swift; sourceTree = "<group>"; };
		ED4A8A3C29DEA94700CEE2E3 /* SceneDelegate.swift */ = {isa = PBXFileReference; lastKnownFileType = sourcecode.swift; path = SceneDelegate.swift; sourceTree = "<group>"; };
		ED4A8A4129DEA94700CEE2E3 /* Base */ = {isa = PBXFileReference; lastKnownFileType = file.storyboard; name = Base; path = Base.lproj/Main.storyboard; sourceTree = "<group>"; };
		ED4A8A4629DEA94800CEE2E3 /* Assets.xcassets */ = {isa = PBXFileReference; lastKnownFileType = folder.assetcatalog; path = Assets.xcassets; sourceTree = "<group>"; };
		ED4A8A4929DEA94800CEE2E3 /* Base */ = {isa = PBXFileReference; lastKnownFileType = file.storyboard; name = Base; path = Base.lproj/LaunchScreen.storyboard; sourceTree = "<group>"; };
		ED4A8A4B29DEA94800CEE2E3 /* Info.plist */ = {isa = PBXFileReference; lastKnownFileType = text.plist.xml; path = Info.plist; sourceTree = "<group>"; };
		ED4A8A5029DEA94800CEE2E3 /* HomelyTests.xctest */ = {isa = PBXFileReference; explicitFileType = wrapper.cfbundle; includeInIndex = 0; path = HomelyTests.xctest; sourceTree = BUILT_PRODUCTS_DIR; };
		ED4A8A5A29DEA94800CEE2E3 /* HomelyUITests.xctest */ = {isa = PBXFileReference; explicitFileType = wrapper.cfbundle; includeInIndex = 0; path = HomelyUITests.xctest; sourceTree = BUILT_PRODUCTS_DIR; };
		ED4A8A6D29DEACDE00CEE2E3 /* GoogleService-Info.plist */ = {isa = PBXFileReference; fileEncoding = 4; lastKnownFileType = text.plist.xml; path = "GoogleService-Info.plist"; sourceTree = "<group>"; };
		ED4A8A7E29DEBBAE00CEE2E3 /* MainTableViewController.swift */ = {isa = PBXFileReference; lastKnownFileType = sourcecode.swift; path = MainTableViewController.swift; sourceTree = "<group>"; };
		ED54092429E230A10099C97B /* Apartment.swift */ = {isa = PBXFileReference; lastKnownFileType = sourcecode.swift; path = Apartment.swift; sourceTree = "<group>"; };
		ED54092629E2397D0099C97B /* ApartmentDiffableDataSource.swift */ = {isa = PBXFileReference; lastKnownFileType = sourcecode.swift; path = ApartmentDiffableDataSource.swift; sourceTree = "<group>"; };
		ED54D1672A0E28FA009BA0DF /* DatabaseManager.swift */ = {isa = PBXFileReference; lastKnownFileType = sourcecode.swift; path = DatabaseManager.swift; sourceTree = "<group>"; };
		ED54D1692A0E29CC009BA0DF /* Extensions.swift */ = {isa = PBXFileReference; lastKnownFileType = sourcecode.swift; path = Extensions.swift; sourceTree = "<group>"; };
		ED54D16B2A0E2A79009BA0DF /* AuthManager.swift */ = {isa = PBXFileReference; lastKnownFileType = sourcecode.swift; path = AuthManager.swift; sourceTree = "<group>"; };
		ED54D16D2A0E2C51009BA0DF /* StorageManager.swift */ = {isa = PBXFileReference; lastKnownFileType = sourcecode.swift; path = StorageManager.swift; sourceTree = "<group>"; };
		ED54D1712A0E2D39009BA0DF /* LoginViewController.swift */ = {isa = PBXFileReference; lastKnownFileType = sourcecode.swift; path = LoginViewController.swift; sourceTree = "<group>"; };
		ED54D1732A0E2D51009BA0DF /* RegisterViewController.swift */ = {isa = PBXFileReference; lastKnownFileType = sourcecode.swift; path = RegisterViewController.swift; sourceTree = "<group>"; };
		ED54D17B2A0E3258009BA0DF /* ProfielViewController.swift */ = {isa = PBXFileReference; lastKnownFileType = sourcecode.swift; path = ProfielViewController.swift; sourceTree = "<group>"; };
		ED6ACC5329DFD98F008F5002 /* MainTableViewCell.swift */ = {isa = PBXFileReference; lastKnownFileType = sourcecode.swift; path = MainTableViewCell.swift; sourceTree = "<group>"; };
		ED6C69CD2A07F9DE00664289 /* NewsCollectionViewCell.swift */ = {isa = PBXFileReference; lastKnownFileType = sourcecode.swift; path = NewsCollectionViewCell.swift; sourceTree = "<group>"; };
		ED862AF529F927B10092F02C /* DetailTableViewCell.swift */ = {isa = PBXFileReference; lastKnownFileType = sourcecode.swift; path = DetailTableViewCell.swift; sourceTree = "<group>"; };
/* End PBXFileReference section */

/* Begin PBXFrameworksBuildPhase section */
		ED4A8A3429DEA94700CEE2E3 /* Frameworks */ = {
			isa = PBXFrameworksBuildPhase;
			buildActionMask = 2147483647;
			files = (
				ED4A8A7129DEAE2C00CEE2E3 /* FirebaseAnalytics in Frameworks */,
				ED4A8A7529DEAE2C00CEE2E3 /* FirebaseAuth in Frameworks */,
				ED4A8A7729DEAE2C00CEE2E3 /* FirebaseDatabase in Frameworks */,
				ED28AE5029F8D1E700210BAF /* SnapKit in Frameworks */,
				ED4A8A7929DEAE2C00CEE2E3 /* FirebaseFirestore in Frameworks */,
				ED4A8A7329DEAE2C00CEE2E3 /* FirebaseAnalyticsWithoutAdIdSupport in Frameworks */,
				ED4A8A7B29DEAE2C00CEE2E3 /* FirebaseStorage in Frameworks */,
			);
			runOnlyForDeploymentPostprocessing = 0;
		};
		ED4A8A4D29DEA94800CEE2E3 /* Frameworks */ = {
			isa = PBXFrameworksBuildPhase;
			buildActionMask = 2147483647;
			files = (
			);
			runOnlyForDeploymentPostprocessing = 0;
		};
		ED4A8A5729DEA94800CEE2E3 /* Frameworks */ = {
			isa = PBXFrameworksBuildPhase;
			buildActionMask = 2147483647;
			files = (
			);
			runOnlyForDeploymentPostprocessing = 0;
		};
/* End PBXFrameworksBuildPhase section */

/* Begin PBXGroup section */
		ED1F28F82A07C5AA00A50CAD /* Services */ = {
			isa = PBXGroup;
			children = (
				ED54D16B2A0E2A79009BA0DF /* AuthManager.swift */,
				ED54D1672A0E28FA009BA0DF /* DatabaseManager.swift */,
				ED54D16D2A0E2C51009BA0DF /* StorageManager.swift */,
				ED1F28F02A077E3C00A50CAD /* APICaller.swift */,
				ED54D1692A0E29CC009BA0DF /* Extensions.swift */,
			);
			path = Services;
			sourceTree = "<group>";
		};
		ED3A547E29E6263200B23CFD /* Resources */ = {
			isa = PBXGroup;
			children = (
				ED54D1752A0E2FAF009BA0DF /* Delegates */,
				ED3A547F29E6264400B23CFD /* Fonts */,
				ED4A8A4629DEA94800CEE2E3 /* Assets.xcassets */,
			);
			path = Resources;
			sourceTree = "<group>";
		};
		ED3A547F29E6264400B23CFD /* Fonts */ = {
			isa = PBXGroup;
			children = (
				ED3A548129E626E600B23CFD /* Nunito-Bold.ttf */,
				ED3A548029E626E600B23CFD /* Nunito-Regular.ttf */,
			);
			path = Fonts;
			sourceTree = "<group>";
		};
		ED4A8A2E29DEA94700CEE2E3 = {
			isa = PBXGroup;
			children = (
				ED4A8A3929DEA94700CEE2E3 /* Homely */,
				ED4A8A3829DEA94700CEE2E3 /* Products */,
			);
			sourceTree = "<group>";
		};
		ED4A8A3829DEA94700CEE2E3 /* Products */ = {
			isa = PBXGroup;
			children = (
				ED4A8A3729DEA94700CEE2E3 /* Homely.app */,
				ED4A8A5029DEA94800CEE2E3 /* HomelyTests.xctest */,
				ED4A8A5A29DEA94800CEE2E3 /* HomelyUITests.xctest */,
			);
			name = Products;
			sourceTree = "<group>";
		};
		ED4A8A3929DEA94700CEE2E3 /* Homely */ = {
			isa = PBXGroup;
			children = (
				ED4A8A4B29DEA94800CEE2E3 /* Info.plist */,
				ED6ACC4C29DFD8A1008F5002 /* Model */,
				ED6ACC4D29DFD8AA008F5002 /* View */,
				ED6ACC4E29DFD8B1008F5002 /* Controller */,
				ED6ACC4F29DFD8BE008F5002 /* Storyboard */,
				ED1F28F82A07C5AA00A50CAD /* Services */,
				ED3A547E29E6263200B23CFD /* Resources */,
			);
			path = Homely;
			sourceTree = "<group>";
		};
		ED54D16F2A0E2D16009BA0DF /* Other */ = {
			isa = PBXGroup;
			children = (
				ED54D1702A0E2D1D009BA0DF /* Onboarding */,
				ED54D17A2A0E3107009BA0DF /* General */,
			);
			path = Other;
			sourceTree = "<group>";
		};
		ED54D1702A0E2D1D009BA0DF /* Onboarding */ = {
			isa = PBXGroup;
			children = (
				ED54D1712A0E2D39009BA0DF /* LoginViewController.swift */,
				ED54D1732A0E2D51009BA0DF /* RegisterViewController.swift */,
			);
			path = Onboarding;
			sourceTree = "<group>";
		};
		ED54D1752A0E2FAF009BA0DF /* Delegates */ = {
			isa = PBXGroup;
			children = (
				ED4A8A6D29DEACDE00CEE2E3 /* GoogleService-Info.plist */,
				ED4A8A3A29DEA94700CEE2E3 /* AppDelegate.swift */,
				ED4A8A3C29DEA94700CEE2E3 /* SceneDelegate.swift */,
			);
			path = Delegates;
			sourceTree = "<group>";
		};
		ED54D1762A0E3040009BA0DF /* UITableView */ = {
			isa = PBXGroup;
			children = (
				ED6ACC5329DFD98F008F5002 /* MainTableViewCell.swift */,
				ED28AE4A29F8D10B00210BAF /* DetailTableView.swift */,
				ED862AF529F927B10092F02C /* DetailTableViewCell.swift */,
				ED41F68229FA15D4006A5AD5 /* DetailMapCell.swift */,
				ED0073E329FA61B200AE53D3 /* DetailCallCell.swift */,
				ED1F28F62A07C59B00A50CAD /* NewsTableViewCell.swift */,
			);
			path = UITableView;
			sourceTree = "<group>";
		};
		ED54D1772A0E3051009BA0DF /* UIView */ = {
			isa = PBXGroup;
			children = (
				ED28AE4C29F8D12300210BAF /* DetailUIView.swift */,
				ED1B4A032A0B4CD200AE9D3B /* NewsDetailUIView.swift */,
			);
			path = UIView;
			sourceTree = "<group>";
		};
		ED54D1782A0E3077009BA0DF /* UICollectionView */ = {
			isa = PBXGroup;
			children = (
				ED6C69CD2A07F9DE00664289 /* NewsCollectionViewCell.swift */,
			);
			path = UICollectionView;
			sourceTree = "<group>";
		};
		ED54D1792A0E30D8009BA0DF /* Core Tabs */ = {
			isa = PBXGroup;
			children = (
				ED4A8A7E29DEBBAE00CEE2E3 /* MainTableViewController.swift */,
				ED1F28EC2A077CEE00A50CAD /* NewsViewController.swift */,
				ED54D17B2A0E3258009BA0DF /* ProfielViewController.swift */,
			);
			path = "Core Tabs";
			sourceTree = "<group>";
		};
		ED54D17A2A0E3107009BA0DF /* General */ = {
			isa = PBXGroup;
			children = (
				ED28AE5129F8D25700210BAF /* DetailViewController.swift */,
				ED1B4A012A0B4CB400AE9D3B /* NewsDetailViewController.swift */,
				ED41F68429FA1999006A5AD5 /* MapViewController.swift */,
			);
			path = General;
			sourceTree = "<group>";
		};
		ED6ACC4C29DFD8A1008F5002 /* Model */ = {
			isa = PBXGroup;
			children = (
				ED54092429E230A10099C97B /* Apartment.swift */,
				ED54092629E2397D0099C97B /* ApartmentDiffableDataSource.swift */,
				ED1F28F92A07C5C200A50CAD /* NewsTableViewModel.swift */,
			);
			path = Model;
			sourceTree = "<group>";
		};
		ED6ACC4D29DFD8AA008F5002 /* View */ = {
			isa = PBXGroup;
			children = (
				ED54D1772A0E3051009BA0DF /* UIView */,
				ED54D1782A0E3077009BA0DF /* UICollectionView */,
				ED54D1762A0E3040009BA0DF /* UITableView */,
			);
			path = View;
			sourceTree = "<group>";
		};
		ED6ACC4E29DFD8B1008F5002 /* Controller */ = {
			isa = PBXGroup;
			children = (
				ED54D16F2A0E2D16009BA0DF /* Other */,
				ED54D1792A0E30D8009BA0DF /* Core Tabs */,
			);
			path = Controller;
			sourceTree = "<group>";
		};
		ED6ACC4F29DFD8BE008F5002 /* Storyboard */ = {
			isa = PBXGroup;
			children = (
				ED4A8A4029DEA94700CEE2E3 /* Main.storyboard */,
				ED4A8A4829DEA94800CEE2E3 /* LaunchScreen.storyboard */,
			);
			path = Storyboard;
			sourceTree = "<group>";
		};
/* End PBXGroup section */

/* Begin PBXNativeTarget section */
		ED4A8A3629DEA94700CEE2E3 /* Homely */ = {
			isa = PBXNativeTarget;
			buildConfigurationList = ED4A8A6429DEA94800CEE2E3 /* Build configuration list for PBXNativeTarget "Homely" */;
			buildPhases = (
				ED4A8A3329DEA94700CEE2E3 /* Sources */,
				ED4A8A3429DEA94700CEE2E3 /* Frameworks */,
				ED4A8A3529DEA94700CEE2E3 /* Resources */,
			);
			buildRules = (
			);
			dependencies = (
			);
			name = Homely;
			packageProductDependencies = (
				ED4A8A7029DEAE2C00CEE2E3 /* FirebaseAnalytics */,
				ED4A8A7229DEAE2C00CEE2E3 /* FirebaseAnalyticsWithoutAdIdSupport */,
				ED4A8A7429DEAE2C00CEE2E3 /* FirebaseAuth */,
				ED4A8A7629DEAE2C00CEE2E3 /* FirebaseDatabase */,
				ED4A8A7829DEAE2C00CEE2E3 /* FirebaseFirestore */,
				ED4A8A7A29DEAE2C00CEE2E3 /* FirebaseStorage */,
				ED28AE4F29F8D1E700210BAF /* SnapKit */,
			);
			productName = Homely;
			productReference = ED4A8A3729DEA94700CEE2E3 /* Homely.app */;
			productType = "com.apple.product-type.application";
		};
		ED4A8A4F29DEA94800CEE2E3 /* HomelyTests */ = {
			isa = PBXNativeTarget;
			buildConfigurationList = ED4A8A6729DEA94800CEE2E3 /* Build configuration list for PBXNativeTarget "HomelyTests" */;
			buildPhases = (
				ED4A8A4C29DEA94800CEE2E3 /* Sources */,
				ED4A8A4D29DEA94800CEE2E3 /* Frameworks */,
				ED4A8A4E29DEA94800CEE2E3 /* Resources */,
			);
			buildRules = (
			);
			dependencies = (
				ED4A8A5229DEA94800CEE2E3 /* PBXTargetDependency */,
			);
			name = HomelyTests;
			productName = HomelyTests;
			productReference = ED4A8A5029DEA94800CEE2E3 /* HomelyTests.xctest */;
			productType = "com.apple.product-type.bundle.unit-test";
		};
		ED4A8A5929DEA94800CEE2E3 /* HomelyUITests */ = {
			isa = PBXNativeTarget;
			buildConfigurationList = ED4A8A6A29DEA94800CEE2E3 /* Build configuration list for PBXNativeTarget "HomelyUITests" */;
			buildPhases = (
				ED4A8A5629DEA94800CEE2E3 /* Sources */,
				ED4A8A5729DEA94800CEE2E3 /* Frameworks */,
				ED4A8A5829DEA94800CEE2E3 /* Resources */,
			);
			buildRules = (
			);
			dependencies = (
				ED4A8A5C29DEA94800CEE2E3 /* PBXTargetDependency */,
			);
			name = HomelyUITests;
			productName = HomelyUITests;
			productReference = ED4A8A5A29DEA94800CEE2E3 /* HomelyUITests.xctest */;
			productType = "com.apple.product-type.bundle.ui-testing";
		};
/* End PBXNativeTarget section */

/* Begin PBXProject section */
		ED4A8A2F29DEA94700CEE2E3 /* Project object */ = {
			isa = PBXProject;
			attributes = {
				BuildIndependentTargetsInParallel = 1;
				LastSwiftUpdateCheck = 1420;
				LastUpgradeCheck = 1420;
				TargetAttributes = {
					ED4A8A3629DEA94700CEE2E3 = {
						CreatedOnToolsVersion = 14.2;
					};
					ED4A8A4F29DEA94800CEE2E3 = {
						CreatedOnToolsVersion = 14.2;
						TestTargetID = ED4A8A3629DEA94700CEE2E3;
					};
					ED4A8A5929DEA94800CEE2E3 = {
						CreatedOnToolsVersion = 14.2;
						TestTargetID = ED4A8A3629DEA94700CEE2E3;
					};
				};
			};
			buildConfigurationList = ED4A8A3229DEA94700CEE2E3 /* Build configuration list for PBXProject "Homely" */;
			compatibilityVersion = "Xcode 14.0";
			developmentRegion = en;
			hasScannedForEncodings = 0;
			knownRegions = (
				en,
				Base,
			);
			mainGroup = ED4A8A2E29DEA94700CEE2E3;
			packageReferences = (
				ED4A8A6F29DEAE2C00CEE2E3 /* XCRemoteSwiftPackageReference "firebase-ios-sdk" */,
				ED28AE4E29F8D1E700210BAF /* XCRemoteSwiftPackageReference "SnapKit" */,
			);
			productRefGroup = ED4A8A3829DEA94700CEE2E3 /* Products */;
			projectDirPath = "";
			projectRoot = "";
			targets = (
				ED4A8A3629DEA94700CEE2E3 /* Homely */,
				ED4A8A4F29DEA94800CEE2E3 /* HomelyTests */,
				ED4A8A5929DEA94800CEE2E3 /* HomelyUITests */,
			);
		};
/* End PBXProject section */

/* Begin PBXResourcesBuildPhase section */
		ED4A8A3529DEA94700CEE2E3 /* Resources */ = {
			isa = PBXResourcesBuildPhase;
			buildActionMask = 2147483647;
			files = (
				ED3A548229E626E600B23CFD /* Nunito-Regular.ttf in Resources */,
				ED4A8A4A29DEA94800CEE2E3 /* LaunchScreen.storyboard in Resources */,
				ED4A8A4729DEA94800CEE2E3 /* Assets.xcassets in Resources */,
				ED4A8A6E29DEACDE00CEE2E3 /* GoogleService-Info.plist in Resources */,
				ED3A548429E626E600B23CFD /* Nunito-Bold.ttf in Resources */,
				ED4A8A4229DEA94700CEE2E3 /* Main.storyboard in Resources */,
			);
			runOnlyForDeploymentPostprocessing = 0;
		};
		ED4A8A4E29DEA94800CEE2E3 /* Resources */ = {
			isa = PBXResourcesBuildPhase;
			buildActionMask = 2147483647;
			files = (
				ED3A548529E626E600B23CFD /* Nunito-Bold.ttf in Resources */,
				ED3A548329E626E600B23CFD /* Nunito-Regular.ttf in Resources */,
			);
			runOnlyForDeploymentPostprocessing = 0;
		};
		ED4A8A5829DEA94800CEE2E3 /* Resources */ = {
			isa = PBXResourcesBuildPhase;
			buildActionMask = 2147483647;
			files = (
			);
			runOnlyForDeploymentPostprocessing = 0;
		};
/* End PBXResourcesBuildPhase section */

/* Begin PBXSourcesBuildPhase section */
		ED4A8A3329DEA94700CEE2E3 /* Sources */ = {
			isa = PBXSourcesBuildPhase;
			buildActionMask = 2147483647;
			files = (
				ED54D1722A0E2D39009BA0DF /* LoginViewController.swift in Sources */,
				ED54092729E2397D0099C97B /* ApartmentDiffableDataSource.swift in Sources */,
				ED6C69CE2A07F9DE00664289 /* NewsCollectionViewCell.swift in Sources */,
				ED54D16C2A0E2A79009BA0DF /* AuthManager.swift in Sources */,
				ED862AF629F927B10092F02C /* DetailTableViewCell.swift in Sources */,
				ED1F28FA2A07C5C200A50CAD /* NewsTableViewModel.swift in Sources */,
				ED1B4A042A0B4CD200AE9D3B /* NewsDetailUIView.swift in Sources */,
				ED1B4A022A0B4CB400AE9D3B /* NewsDetailViewController.swift in Sources */,
				ED54D1682A0E28FA009BA0DF /* DatabaseManager.swift in Sources */,
				ED6ACC5429DFD98F008F5002 /* MainTableViewCell.swift in Sources */,
				ED54092529E230A10099C97B /* Apartment.swift in Sources */,
				ED1F28F12A077E3C00A50CAD /* APICaller.swift in Sources */,
				ED41F68329FA15D4006A5AD5 /* DetailMapCell.swift in Sources */,
				ED28AE4D29F8D12300210BAF /* DetailUIView.swift in Sources */,
				ED28AE5229F8D25700210BAF /* DetailViewController.swift in Sources */,
				ED28AE4B29F8D10B00210BAF /* DetailTableView.swift in Sources */,
				ED4A8A3B29DEA94700CEE2E3 /* AppDelegate.swift in Sources */,
				ED1F28ED2A077CEE00A50CAD /* NewsViewController.swift in Sources */,
				ED4A8A7F29DEBBAE00CEE2E3 /* MainTableViewController.swift in Sources */,
				ED54D16E2A0E2C51009BA0DF /* StorageManager.swift in Sources */,
				ED54D16A2A0E29CC009BA0DF /* Extensions.swift in Sources */,
				ED41F68529FA1999006A5AD5 /* MapViewController.swift in Sources */,
				ED54D17C2A0E3258009BA0DF /* ProfielViewController.swift in Sources */,
				ED0073E429FA61B200AE53D3 /* DetailCallCell.swift in Sources */,
				ED4A8A3D29DEA94700CEE2E3 /* SceneDelegate.swift in Sources */,
				ED1F28F72A07C59B00A50CAD /* NewsTableViewCell.swift in Sources */,
				ED54D1742A0E2D51009BA0DF /* RegisterViewController.swift in Sources */,
			);
			runOnlyForDeploymentPostprocessing = 0;
		};
		ED4A8A4C29DEA94800CEE2E3 /* Sources */ = {
			isa = PBXSourcesBuildPhase;
			buildActionMask = 2147483647;
			files = (
			);
			runOnlyForDeploymentPostprocessing = 0;
		};
		ED4A8A5629DEA94800CEE2E3 /* Sources */ = {
			isa = PBXSourcesBuildPhase;
			buildActionMask = 2147483647;
			files = (
			);
			runOnlyForDeploymentPostprocessing = 0;
		};
/* End PBXSourcesBuildPhase section */

/* Begin PBXTargetDependency section */
		ED4A8A5229DEA94800CEE2E3 /* PBXTargetDependency */ = {
			isa = PBXTargetDependency;
			target = ED4A8A3629DEA94700CEE2E3 /* Homely */;
			targetProxy = ED4A8A5129DEA94800CEE2E3 /* PBXContainerItemProxy */;
		};
		ED4A8A5C29DEA94800CEE2E3 /* PBXTargetDependency */ = {
			isa = PBXTargetDependency;
			target = ED4A8A3629DEA94700CEE2E3 /* Homely */;
			targetProxy = ED4A8A5B29DEA94800CEE2E3 /* PBXContainerItemProxy */;
		};
/* End PBXTargetDependency section */

/* Begin PBXVariantGroup section */
		ED4A8A4029DEA94700CEE2E3 /* Main.storyboard */ = {
			isa = PBXVariantGroup;
			children = (
				ED4A8A4129DEA94700CEE2E3 /* Base */,
			);
			name = Main.storyboard;
			sourceTree = "<group>";
		};
		ED4A8A4829DEA94800CEE2E3 /* LaunchScreen.storyboard */ = {
			isa = PBXVariantGroup;
			children = (
				ED4A8A4929DEA94800CEE2E3 /* Base */,
			);
			name = LaunchScreen.storyboard;
			sourceTree = "<group>";
		};
/* End PBXVariantGroup section */

/* Begin XCBuildConfiguration section */
		ED4A8A6229DEA94800CEE2E3 /* Debug */ = {
			isa = XCBuildConfiguration;
			buildSettings = {
				ALWAYS_SEARCH_USER_PATHS = NO;
				CLANG_ANALYZER_NONNULL = YES;
				CLANG_ANALYZER_NUMBER_OBJECT_CONVERSION = YES_AGGRESSIVE;
				CLANG_CXX_LANGUAGE_STANDARD = "gnu++20";
				CLANG_ENABLE_MODULES = YES;
				CLANG_ENABLE_OBJC_ARC = YES;
				CLANG_ENABLE_OBJC_WEAK = YES;
				CLANG_WARN_BLOCK_CAPTURE_AUTORELEASING = YES;
				CLANG_WARN_BOOL_CONVERSION = YES;
				CLANG_WARN_COMMA = YES;
				CLANG_WARN_CONSTANT_CONVERSION = YES;
				CLANG_WARN_DEPRECATED_OBJC_IMPLEMENTATIONS = YES;
				CLANG_WARN_DIRECT_OBJC_ISA_USAGE = YES_ERROR;
				CLANG_WARN_DOCUMENTATION_COMMENTS = YES;
				CLANG_WARN_EMPTY_BODY = YES;
				CLANG_WARN_ENUM_CONVERSION = YES;
				CLANG_WARN_INFINITE_RECURSION = YES;
				CLANG_WARN_INT_CONVERSION = YES;
				CLANG_WARN_NON_LITERAL_NULL_CONVERSION = YES;
				CLANG_WARN_OBJC_IMPLICIT_RETAIN_SELF = YES;
				CLANG_WARN_OBJC_LITERAL_CONVERSION = YES;
				CLANG_WARN_OBJC_ROOT_CLASS = YES_ERROR;
				CLANG_WARN_QUOTED_INCLUDE_IN_FRAMEWORK_HEADER = YES;
				CLANG_WARN_RANGE_LOOP_ANALYSIS = YES;
				CLANG_WARN_STRICT_PROTOTYPES = YES;
				CLANG_WARN_SUSPICIOUS_MOVE = YES;
				CLANG_WARN_UNGUARDED_AVAILABILITY = YES_AGGRESSIVE;
				CLANG_WARN_UNREACHABLE_CODE = YES;
				CLANG_WARN__DUPLICATE_METHOD_MATCH = YES;
				COPY_PHASE_STRIP = NO;
				DEBUG_INFORMATION_FORMAT = dwarf;
				ENABLE_STRICT_OBJC_MSGSEND = YES;
				ENABLE_TESTABILITY = YES;
				GCC_C_LANGUAGE_STANDARD = gnu11;
				GCC_DYNAMIC_NO_PIC = NO;
				GCC_NO_COMMON_BLOCKS = YES;
				GCC_OPTIMIZATION_LEVEL = 0;
				GCC_PREPROCESSOR_DEFINITIONS = (
					"DEBUG=1",
					"$(inherited)",
				);
				GCC_WARN_64_TO_32_BIT_CONVERSION = YES;
				GCC_WARN_ABOUT_RETURN_TYPE = YES_ERROR;
				GCC_WARN_UNDECLARED_SELECTOR = YES;
				GCC_WARN_UNINITIALIZED_AUTOS = YES_AGGRESSIVE;
				GCC_WARN_UNUSED_FUNCTION = YES;
				GCC_WARN_UNUSED_VARIABLE = YES;
				IPHONEOS_DEPLOYMENT_TARGET = 16.2;
				MTL_ENABLE_DEBUG_INFO = INCLUDE_SOURCE;
				MTL_FAST_MATH = YES;
				ONLY_ACTIVE_ARCH = YES;
				SDKROOT = iphoneos;
				SWIFT_ACTIVE_COMPILATION_CONDITIONS = DEBUG;
				SWIFT_OPTIMIZATION_LEVEL = "-Onone";
			};
			name = Debug;
		};
		ED4A8A6329DEA94800CEE2E3 /* Release */ = {
			isa = XCBuildConfiguration;
			buildSettings = {
				ALWAYS_SEARCH_USER_PATHS = NO;
				CLANG_ANALYZER_NONNULL = YES;
				CLANG_ANALYZER_NUMBER_OBJECT_CONVERSION = YES_AGGRESSIVE;
				CLANG_CXX_LANGUAGE_STANDARD = "gnu++20";
				CLANG_ENABLE_MODULES = YES;
				CLANG_ENABLE_OBJC_ARC = YES;
				CLANG_ENABLE_OBJC_WEAK = YES;
				CLANG_WARN_BLOCK_CAPTURE_AUTORELEASING = YES;
				CLANG_WARN_BOOL_CONVERSION = YES;
				CLANG_WARN_COMMA = YES;
				CLANG_WARN_CONSTANT_CONVERSION = YES;
				CLANG_WARN_DEPRECATED_OBJC_IMPLEMENTATIONS = YES;
				CLANG_WARN_DIRECT_OBJC_ISA_USAGE = YES_ERROR;
				CLANG_WARN_DOCUMENTATION_COMMENTS = YES;
				CLANG_WARN_EMPTY_BODY = YES;
				CLANG_WARN_ENUM_CONVERSION = YES;
				CLANG_WARN_INFINITE_RECURSION = YES;
				CLANG_WARN_INT_CONVERSION = YES;
				CLANG_WARN_NON_LITERAL_NULL_CONVERSION = YES;
				CLANG_WARN_OBJC_IMPLICIT_RETAIN_SELF = YES;
				CLANG_WARN_OBJC_LITERAL_CONVERSION = YES;
				CLANG_WARN_OBJC_ROOT_CLASS = YES_ERROR;
				CLANG_WARN_QUOTED_INCLUDE_IN_FRAMEWORK_HEADER = YES;
				CLANG_WARN_RANGE_LOOP_ANALYSIS = YES;
				CLANG_WARN_STRICT_PROTOTYPES = YES;
				CLANG_WARN_SUSPICIOUS_MOVE = YES;
				CLANG_WARN_UNGUARDED_AVAILABILITY = YES_AGGRESSIVE;
				CLANG_WARN_UNREACHABLE_CODE = YES;
				CLANG_WARN__DUPLICATE_METHOD_MATCH = YES;
				COPY_PHASE_STRIP = NO;
				DEBUG_INFORMATION_FORMAT = "dwarf-with-dsym";
				ENABLE_NS_ASSERTIONS = NO;
				ENABLE_STRICT_OBJC_MSGSEND = YES;
				GCC_C_LANGUAGE_STANDARD = gnu11;
				GCC_NO_COMMON_BLOCKS = YES;
				GCC_WARN_64_TO_32_BIT_CONVERSION = YES;
				GCC_WARN_ABOUT_RETURN_TYPE = YES_ERROR;
				GCC_WARN_UNDECLARED_SELECTOR = YES;
				GCC_WARN_UNINITIALIZED_AUTOS = YES_AGGRESSIVE;
				GCC_WARN_UNUSED_FUNCTION = YES;
				GCC_WARN_UNUSED_VARIABLE = YES;
				IPHONEOS_DEPLOYMENT_TARGET = 16.2;
				MTL_ENABLE_DEBUG_INFO = NO;
				MTL_FAST_MATH = YES;
				SDKROOT = iphoneos;
				SWIFT_COMPILATION_MODE = wholemodule;
				SWIFT_OPTIMIZATION_LEVEL = "-O";
				VALIDATE_PRODUCT = YES;
			};
			name = Release;
		};
		ED4A8A6529DEA94800CEE2E3 /* Debug */ = {
			isa = XCBuildConfiguration;
			buildSettings = {
				ASSETCATALOG_COMPILER_APPICON_NAME = AppIcon;
				ASSETCATALOG_COMPILER_GLOBAL_ACCENT_COLOR_NAME = AccentColor;
				CODE_SIGN_STYLE = Automatic;
				CURRENT_PROJECT_VERSION = 1;
				DEVELOPMENT_TEAM = 9626PS532X;
				GENERATE_INFOPLIST_FILE = YES;
				INFOPLIST_FILE = Homely/Info.plist;
				INFOPLIST_KEY_UIApplicationSupportsIndirectInputEvents = YES;
				INFOPLIST_KEY_UILaunchStoryboardName = LaunchScreen;
				INFOPLIST_KEY_UIMainStoryboardFile = Main;
				INFOPLIST_KEY_UISupportedInterfaceOrientations_iPad = "UIInterfaceOrientationPortrait UIInterfaceOrientationPortraitUpsideDown UIInterfaceOrientationLandscapeLeft UIInterfaceOrientationLandscapeRight";
				INFOPLIST_KEY_UISupportedInterfaceOrientations_iPhone = "UIInterfaceOrientationPortrait UIInterfaceOrientationLandscapeLeft UIInterfaceOrientationLandscapeRight";
				LD_RUNPATH_SEARCH_PATHS = (
					"$(inherited)",
					"@executable_path/Frameworks",
				);
				MARKETING_VERSION = 1.0;
				PRODUCT_BUNDLE_IDENTIFIER = nurmukhanbet.sertay.Homely;
				PRODUCT_NAME = "$(TARGET_NAME)";
				SWIFT_EMIT_LOC_STRINGS = YES;
				SWIFT_VERSION = 5.0;
				TARGETED_DEVICE_FAMILY = "1,2";
			};
			name = Debug;
		};
		ED4A8A6629DEA94800CEE2E3 /* Release */ = {
			isa = XCBuildConfiguration;
			buildSettings = {
				ASSETCATALOG_COMPILER_APPICON_NAME = AppIcon;
				ASSETCATALOG_COMPILER_GLOBAL_ACCENT_COLOR_NAME = AccentColor;
				CODE_SIGN_STYLE = Automatic;
				CURRENT_PROJECT_VERSION = 1;
				DEVELOPMENT_TEAM = 9626PS532X;
				GENERATE_INFOPLIST_FILE = YES;
				INFOPLIST_FILE = Homely/Info.plist;
				INFOPLIST_KEY_UIApplicationSupportsIndirectInputEvents = YES;
				INFOPLIST_KEY_UILaunchStoryboardName = LaunchScreen;
				INFOPLIST_KEY_UIMainStoryboardFile = Main;
				INFOPLIST_KEY_UISupportedInterfaceOrientations_iPad = "UIInterfaceOrientationPortrait UIInterfaceOrientationPortraitUpsideDown UIInterfaceOrientationLandscapeLeft UIInterfaceOrientationLandscapeRight";
				INFOPLIST_KEY_UISupportedInterfaceOrientations_iPhone = "UIInterfaceOrientationPortrait UIInterfaceOrientationLandscapeLeft UIInterfaceOrientationLandscapeRight";
				LD_RUNPATH_SEARCH_PATHS = (
					"$(inherited)",
					"@executable_path/Frameworks",
				);
				MARKETING_VERSION = 1.0;
				PRODUCT_BUNDLE_IDENTIFIER = nurmukhanbet.sertay.Homely;
				PRODUCT_NAME = "$(TARGET_NAME)";
				SWIFT_EMIT_LOC_STRINGS = YES;
				SWIFT_VERSION = 5.0;
				TARGETED_DEVICE_FAMILY = "1,2";
			};
			name = Release;
		};
		ED4A8A6829DEA94800CEE2E3 /* Debug */ = {
			isa = XCBuildConfiguration;
			buildSettings = {
				ALWAYS_EMBED_SWIFT_STANDARD_LIBRARIES = YES;
				BUNDLE_LOADER = "$(TEST_HOST)";
				CODE_SIGN_STYLE = Automatic;
				CURRENT_PROJECT_VERSION = 1;
				GENERATE_INFOPLIST_FILE = YES;
				IPHONEOS_DEPLOYMENT_TARGET = 16.2;
				MARKETING_VERSION = 1.0;
				PRODUCT_BUNDLE_IDENTIFIER = nurmukhanbet.sertay.HomelyTests;
				PRODUCT_NAME = "$(TARGET_NAME)";
				SWIFT_EMIT_LOC_STRINGS = NO;
				SWIFT_VERSION = 5.0;
				TARGETED_DEVICE_FAMILY = "1,2";
				TEST_HOST = "$(BUILT_PRODUCTS_DIR)/Homely.app/$(BUNDLE_EXECUTABLE_FOLDER_PATH)/Homely";
			};
			name = Debug;
		};
		ED4A8A6929DEA94800CEE2E3 /* Release */ = {
			isa = XCBuildConfiguration;
			buildSettings = {
				ALWAYS_EMBED_SWIFT_STANDARD_LIBRARIES = YES;
				BUNDLE_LOADER = "$(TEST_HOST)";
				CODE_SIGN_STYLE = Automatic;
				CURRENT_PROJECT_VERSION = 1;
				GENERATE_INFOPLIST_FILE = YES;
				IPHONEOS_DEPLOYMENT_TARGET = 16.2;
				MARKETING_VERSION = 1.0;
				PRODUCT_BUNDLE_IDENTIFIER = nurmukhanbet.sertay.HomelyTests;
				PRODUCT_NAME = "$(TARGET_NAME)";
				SWIFT_EMIT_LOC_STRINGS = NO;
				SWIFT_VERSION = 5.0;
				TARGETED_DEVICE_FAMILY = "1,2";
				TEST_HOST = "$(BUILT_PRODUCTS_DIR)/Homely.app/$(BUNDLE_EXECUTABLE_FOLDER_PATH)/Homely";
			};
			name = Release;
		};
		ED4A8A6B29DEA94800CEE2E3 /* Debug */ = {
			isa = XCBuildConfiguration;
			buildSettings = {
				ALWAYS_EMBED_SWIFT_STANDARD_LIBRARIES = YES;
				CODE_SIGN_STYLE = Automatic;
				CURRENT_PROJECT_VERSION = 1;
				GENERATE_INFOPLIST_FILE = YES;
				MARKETING_VERSION = 1.0;
				PRODUCT_BUNDLE_IDENTIFIER = nurmukhanbet.sertay.HomelyUITests;
				PRODUCT_NAME = "$(TARGET_NAME)";
				SWIFT_EMIT_LOC_STRINGS = NO;
				SWIFT_VERSION = 5.0;
				TARGETED_DEVICE_FAMILY = "1,2";
				TEST_TARGET_NAME = Homely;
			};
			name = Debug;
		};
		ED4A8A6C29DEA94800CEE2E3 /* Release */ = {
			isa = XCBuildConfiguration;
			buildSettings = {
				ALWAYS_EMBED_SWIFT_STANDARD_LIBRARIES = YES;
				CODE_SIGN_STYLE = Automatic;
				CURRENT_PROJECT_VERSION = 1;
				GENERATE_INFOPLIST_FILE = YES;
				MARKETING_VERSION = 1.0;
				PRODUCT_BUNDLE_IDENTIFIER = nurmukhanbet.sertay.HomelyUITests;
				PRODUCT_NAME = "$(TARGET_NAME)";
				SWIFT_EMIT_LOC_STRINGS = NO;
				SWIFT_VERSION = 5.0;
				TARGETED_DEVICE_FAMILY = "1,2";
				TEST_TARGET_NAME = Homely;
			};
			name = Release;
		};
/* End XCBuildConfiguration section */

/* Begin XCConfigurationList section */
		ED4A8A3229DEA94700CEE2E3 /* Build configuration list for PBXProject "Homely" */ = {
			isa = XCConfigurationList;
			buildConfigurations = (
				ED4A8A6229DEA94800CEE2E3 /* Debug */,
				ED4A8A6329DEA94800CEE2E3 /* Release */,
			);
			defaultConfigurationIsVisible = 0;
			defaultConfigurationName = Release;
		};
		ED4A8A6429DEA94800CEE2E3 /* Build configuration list for PBXNativeTarget "Homely" */ = {
			isa = XCConfigurationList;
			buildConfigurations = (
				ED4A8A6529DEA94800CEE2E3 /* Debug */,
				ED4A8A6629DEA94800CEE2E3 /* Release */,
			);
			defaultConfigurationIsVisible = 0;
			defaultConfigurationName = Release;
		};
		ED4A8A6729DEA94800CEE2E3 /* Build configuration list for PBXNativeTarget "HomelyTests" */ = {
			isa = XCConfigurationList;
			buildConfigurations = (
				ED4A8A6829DEA94800CEE2E3 /* Debug */,
				ED4A8A6929DEA94800CEE2E3 /* Release */,
			);
			defaultConfigurationIsVisible = 0;
			defaultConfigurationName = Release;
		};
		ED4A8A6A29DEA94800CEE2E3 /* Build configuration list for PBXNativeTarget "HomelyUITests" */ = {
			isa = XCConfigurationList;
			buildConfigurations = (
				ED4A8A6B29DEA94800CEE2E3 /* Debug */,
				ED4A8A6C29DEA94800CEE2E3 /* Release */,
			);
			defaultConfigurationIsVisible = 0;
			defaultConfigurationName = Release;
		};
/* End XCConfigurationList section */

/* Begin XCRemoteSwiftPackageReference section */
		ED28AE4E29F8D1E700210BAF /* XCRemoteSwiftPackageReference "SnapKit" */ = {
			isa = XCRemoteSwiftPackageReference;
			repositoryURL = "https://github.com/SnapKit/SnapKit.git";
			requirement = {
				kind = upToNextMajorVersion;
				minimumVersion = 5.0.0;
			};
		};
		ED4A8A6F29DEAE2C00CEE2E3 /* XCRemoteSwiftPackageReference "firebase-ios-sdk" */ = {
			isa = XCRemoteSwiftPackageReference;
			repositoryURL = "https://github.com/firebase/firebase-ios-sdk";
			requirement = {
				kind = upToNextMajorVersion;
				minimumVersion = 9.0.0;
			};
		};
/* End XCRemoteSwiftPackageReference section */

/* Begin XCSwiftPackageProductDependency section */
		ED28AE4F29F8D1E700210BAF /* SnapKit */ = {
			isa = XCSwiftPackageProductDependency;
			package = ED28AE4E29F8D1E700210BAF /* XCRemoteSwiftPackageReference "SnapKit" */;
			productName = SnapKit;
		};
		ED4A8A7029DEAE2C00CEE2E3 /* FirebaseAnalytics */ = {
			isa = XCSwiftPackageProductDependency;
			package = ED4A8A6F29DEAE2C00CEE2E3 /* XCRemoteSwiftPackageReference "firebase-ios-sdk" */;
			productName = FirebaseAnalytics;
		};
		ED4A8A7229DEAE2C00CEE2E3 /* FirebaseAnalyticsWithoutAdIdSupport */ = {
			isa = XCSwiftPackageProductDependency;
			package = ED4A8A6F29DEAE2C00CEE2E3 /* XCRemoteSwiftPackageReference "firebase-ios-sdk" */;
			productName = FirebaseAnalyticsWithoutAdIdSupport;
		};
		ED4A8A7429DEAE2C00CEE2E3 /* FirebaseAuth */ = {
			isa = XCSwiftPackageProductDependency;
			package = ED4A8A6F29DEAE2C00CEE2E3 /* XCRemoteSwiftPackageReference "firebase-ios-sdk" */;
			productName = FirebaseAuth;
		};
		ED4A8A7629DEAE2C00CEE2E3 /* FirebaseDatabase */ = {
			isa = XCSwiftPackageProductDependency;
			package = ED4A8A6F29DEAE2C00CEE2E3 /* XCRemoteSwiftPackageReference "firebase-ios-sdk" */;
			productName = FirebaseDatabase;
		};
		ED4A8A7829DEAE2C00CEE2E3 /* FirebaseFirestore */ = {
			isa = XCSwiftPackageProductDependency;
			package = ED4A8A6F29DEAE2C00CEE2E3 /* XCRemoteSwiftPackageReference "firebase-ios-sdk" */;
			productName = FirebaseFirestore;
		};
		ED4A8A7A29DEAE2C00CEE2E3 /* FirebaseStorage */ = {
			isa = XCSwiftPackageProductDependency;
			package = ED4A8A6F29DEAE2C00CEE2E3 /* XCRemoteSwiftPackageReference "firebase-ios-sdk" */;
			productName = FirebaseStorage;
		};
/* End XCSwiftPackageProductDependency section */
	};
	rootObject = ED4A8A2F29DEA94700CEE2E3 /* Project object */;
}
